
Microsoft Visual Studio Solution File, Format Version 12.00
# Visual Studio Version 17
VisualStudioVersion = 17.4.33205.214
MinimumVisualStudioVersion = 10.0.40219.1
Project("{FAE04EC0-301F-11D3-BF4B-00C04F79EFBC}") = "AudioNovelBook", "AudioNovelBook\AudioNovelBook.csproj", "{AEB063E0-3492-4738-B9DC-A3DD22661568}"
EndProject
Global
	GlobalSection(SolutionConfigurationPlatforms) = preSolution
		Debug|Any CPU = Debug|Any CPU
		Release|Any CPU = Release|Any CPU
	EndGlobalSection
	GlobalSection(ProjectConfigurationPlatforms) = postSolution
		{AEB063E0-3492-4738-B9DC-A3DD22661568}.Debug|Any CPU.ActiveCfg = Debug|Any CPU
		{AEB063E0-3492-4738-B9DC-A3DD22661568}.Debug|Any CPU.Build.0 = Debug|Any CPU
		{AEB063E0-3492-4738-B9DC-A3DD22661568}.Release|Any CPU.ActiveCfg = Release|Any CPU
		{AEB063E0-3492-4738-B9DC-A3DD22661568}.Release|Any CPU.Build.0 = Release|Any CPU
	EndGlobalSection
	GlobalSection(SolutionProperties) = preSolution
		HideSolutionNode = FALSE
	EndGlobalSection
	GlobalSection(ExtensibilityGlobals) = postSolution
		SolutionGuid = {B28ECAF7-BFB4-4475-9631-59351196D622}
	EndGlobalSection
EndGlobal
